// !$*UTF8*$!
{
	archiveVersion = 1;
	classes = {
	};
	objectVersion = 50;
	objects = {

/* Begin PBXBuildFile section */
		02CBED3723391D8800EF7F7F /* AppDelegate.swift in Sources */ = {isa = PBXBuildFile; fileRef = 02CBED3623391D8800EF7F7F /* AppDelegate.swift */; };
		02CBED3923391D8800EF7F7F /* SceneDelegate.swift in Sources */ = {isa = PBXBuildFile; fileRef = 02CBED3823391D8800EF7F7F /* SceneDelegate.swift */; };
		02CBED3C23391D8800EF7F7F /* Hunger.xcdatamodeld in Sources */ = {isa = PBXBuildFile; fileRef = 02CBED3A23391D8800EF7F7F /* Hunger.xcdatamodeld */; };
		02CBED3E23391D8800EF7F7F /* ContentView.swift in Sources */ = {isa = PBXBuildFile; fileRef = 02CBED3D23391D8800EF7F7F /* ContentView.swift */; };
		02CBED4023391D8B00EF7F7F /* Assets.xcassets in Resources */ = {isa = PBXBuildFile; fileRef = 02CBED3F23391D8B00EF7F7F /* Assets.xcassets */; };
		02CBED4323391D8B00EF7F7F /* Preview Assets.xcassets in Resources */ = {isa = PBXBuildFile; fileRef = 02CBED4223391D8B00EF7F7F /* Preview Assets.xcassets */; };
		02CBED4623391D8B00EF7F7F /* LaunchScreen.storyboard in Resources */ = {isa = PBXBuildFile; fileRef = 02CBED4423391D8B00EF7F7F /* LaunchScreen.storyboard */; };
		02CBED5123391D8C00EF7F7F /* HungerTests.swift in Sources */ = {isa = PBXBuildFile; fileRef = 02CBED5023391D8C00EF7F7F /* HungerTests.swift */; };
		02CBED5C23391D8C00EF7F7F /* HungerUITests.swift in Sources */ = {isa = PBXBuildFile; fileRef = 02CBED5B23391D8C00EF7F7F /* HungerUITests.swift */; };
/* End PBXBuildFile section */

/* Begin PBXContainerItemProxy section */
		02CBED4D23391D8C00EF7F7F /* PBXContainerItemProxy */ = {
			isa = PBXContainerItemProxy;
			containerPortal = 02CBED2B23391D8800EF7F7F /* Project object */;
			proxyType = 1;
			remoteGlobalIDString = 02CBED3223391D8800EF7F7F;
			remoteInfo = Hunger;
		};
		02CBED5823391D8C00EF7F7F /* PBXContainerItemProxy */ = {
			isa = PBXContainerItemProxy;
			containerPortal = 02CBED2B23391D8800EF7F7F /* Project object */;
			proxyType = 1;
			remoteGlobalIDString = 02CBED3223391D8800EF7F7F;
			remoteInfo = Hunger;
		};
/* End PBXContainerItemProxy section */

/* Begin PBXFileReference section */
		02CBED3323391D8800EF7F7F /* Hunger.app */ = {isa = PBXFileReference; explicitFileType = wrapper.application; includeInIndex = 0; path = Hunger.app; sourceTree = BUILT_PRODUCTS_DIR; };
		02CBED3623391D8800EF7F7F /* AppDelegate.swift */ = {isa = PBXFileReference; lastKnownFileType = sourcecode.swift; path = AppDelegate.swift; sourceTree = "<group>"; };
		02CBED3823391D8800EF7F7F /* SceneDelegate.swift */ = {isa = PBXFileReference; lastKnownFileType = sourcecode.swift; path = SceneDelegate.swift; sourceTree = "<group>"; };
		02CBED3B23391D8800EF7F7F /* Hunger.xcdatamodel */ = {isa = PBXFileReference; lastKnownFileType = wrapper.xcdatamodel; path = Hunger.xcdatamodel; sourceTree = "<group>"; };
		02CBED3D23391D8800EF7F7F /* ContentView.swift */ = {isa = PBXFileReference; lastKnownFileType = sourcecode.swift; path = ContentView.swift; sourceTree = "<group>"; };
		02CBED3F23391D8B00EF7F7F /* Assets.xcassets */ = {isa = PBXFileReference; lastKnownFileType = folder.assetcatalog; path = Assets.xcassets; sourceTree = "<group>"; };
		02CBED4223391D8B00EF7F7F /* Preview Assets.xcassets */ = {isa = PBXFileReference; lastKnownFileType = folder.assetcatalog; path = "Preview Assets.xcassets"; sourceTree = "<group>"; };
		02CBED4523391D8B00EF7F7F /* Base */ = {isa = PBXFileReference; lastKnownFileType = file.storyboard; name = Base; path = Base.lproj/LaunchScreen.storyboard; sourceTree = "<group>"; };
		02CBED4723391D8B00EF7F7F /* Info.plist */ = {isa = PBXFileReference; lastKnownFileType = text.plist.xml; path = Info.plist; sourceTree = "<group>"; };
		02CBED4C23391D8C00EF7F7F /* HungerTests.xctest */ = {isa = PBXFileReference; explicitFileType = wrapper.cfbundle; includeInIndex = 0; path = HungerTests.xctest; sourceTree = BUILT_PRODUCTS_DIR; };
		02CBED5023391D8C00EF7F7F /* HungerTests.swift */ = {isa = PBXFileReference; lastKnownFileType = sourcecode.swift; path = HungerTests.swift; sourceTree = "<group>"; };
		02CBED5223391D8C00EF7F7F /* Info.plist */ = {isa = PBXFileReference; lastKnownFileType = text.plist.xml; path = Info.plist; sourceTree = "<group>"; };
		02CBED5723391D8C00EF7F7F /* HungerUITests.xctest */ = {isa = PBXFileReference; explicitFileType = wrapper.cfbundle; includeInIndex = 0; path = HungerUITests.xctest; sourceTree = BUILT_PRODUCTS_DIR; };
		02CBED5B23391D8C00EF7F7F /* HungerUITests.swift */ = {isa = PBXFileReference; lastKnownFileType = sourcecode.swift; path = HungerUITests.swift; sourceTree = "<group>"; };
		02CBED5D23391D8C00EF7F7F /* Info.plist */ = {isa = PBXFileReference; lastKnownFileType = text.plist.xml; path = Info.plist; sourceTree = "<group>"; };
/* End PBXFileReference section */

/* Begin PBXFrameworksBuildPhase section */
		02CBED3023391D8800EF7F7F /* Frameworks */ = {
			isa = PBXFrameworksBuildPhase;
			buildActionMask = 2147483647;
			files = (
			);
			runOnlyForDeploymentPostprocessing = 0;
		};
		02CBED4923391D8C00EF7F7F /* Frameworks */ = {
			isa = PBXFrameworksBuildPhase;
			buildActionMask = 2147483647;
			files = (
			);
			runOnlyForDeploymentPostprocessing = 0;
		};
		02CBED5423391D8C00EF7F7F /* Frameworks */ = {
			isa = PBXFrameworksBuildPhase;
			buildActionMask = 2147483647;
			files = (
			);
			runOnlyForDeploymentPostprocessing = 0;
		};
/* End PBXFrameworksBuildPhase section */

/* Begin PBXGroup section */
		02CBED2A23391D8800EF7F7F = {
			isa = PBXGroup;
			children = (
				02CBED3523391D8800EF7F7F /* Hunger */,
				02CBED4F23391D8C00EF7F7F /* HungerTests */,
				02CBED5A23391D8C00EF7F7F /* HungerUITests */,
				02CBED3423391D8800EF7F7F /* Products */,
			);
			sourceTree = "<group>";
		};
		02CBED3423391D8800EF7F7F /* Products */ = {
			isa = PBXGroup;
			children = (
				02CBED3323391D8800EF7F7F /* Hunger.app */,
				02CBED4C23391D8C00EF7F7F /* HungerTests.xctest */,
				02CBED5723391D8C00EF7F7F /* HungerUITests.xctest */,
			);
			name = Products;
			sourceTree = "<group>";
		};
		02CBED3523391D8800EF7F7F /* Hunger */ = {
			isa = PBXGroup;
			children = (
				02CBED3623391D8800EF7F7F /* AppDelegate.swift */,
				02CBED3823391D8800EF7F7F /* SceneDelegate.swift */,
				02CBED3D23391D8800EF7F7F /* ContentView.swift */,
				02CBED3F23391D8B00EF7F7F /* Assets.xcassets */,
				02CBED4423391D8B00EF7F7F /* LaunchScreen.storyboard */,
				02CBED4723391D8B00EF7F7F /* Info.plist */,
				02CBED3A23391D8800EF7F7F /* Hunger.xcdatamodeld */,
				02CBED4123391D8B00EF7F7F /* Preview Content */,
			);
			path = Hunger;
			sourceTree = "<group>";
		};
		02CBED4123391D8B00EF7F7F /* Preview Content */ = {
			isa = PBXGroup;
			children = (
				02CBED4223391D8B00EF7F7F /* Preview Assets.xcassets */,
			);
			path = "Preview Content";
			sourceTree = "<group>";
		};
		02CBED4F23391D8C00EF7F7F /* HungerTests */ = {
			isa = PBXGroup;
			children = (
				02CBED5023391D8C00EF7F7F /* HungerTests.swift */,
				02CBED5223391D8C00EF7F7F /* Info.plist */,
			);
			path = HungerTests;
			sourceTree = "<group>";
		};
		02CBED5A23391D8C00EF7F7F /* HungerUITests */ = {
			isa = PBXGroup;
			children = (
				02CBED5B23391D8C00EF7F7F /* HungerUITests.swift */,
				02CBED5D23391D8C00EF7F7F /* Info.plist */,
			);
			path = HungerUITests;
			sourceTree = "<group>";
		};
/* End PBXGroup section */

/* Begin PBXNativeTarget section */
		02CBED3223391D8800EF7F7F /* Hunger */ = {
			isa = PBXNativeTarget;
			buildConfigurationList = 02CBED6023391D8C00EF7F7F /* Build configuration list for PBXNativeTarget "Hunger" */;
			buildPhases = (
				02CBED2F23391D8800EF7F7F /* Sources */,
				02CBED3023391D8800EF7F7F /* Frameworks */,
				02CBED3123391D8800EF7F7F /* Resources */,
			);
			buildRules = (
			);
			dependencies = (
			);
			name = Hunger;
			productName = Hunger;
			productReference = 02CBED3323391D8800EF7F7F /* Hunger.app */;
			productType = "com.apple.product-type.application";
		};
		02CBED4B23391D8C00EF7F7F /* HungerTests */ = {
			isa = PBXNativeTarget;
			buildConfigurationList = 02CBED6323391D8C00EF7F7F /* Build configuration list for PBXNativeTarget "HungerTests" */;
			buildPhases = (
				02CBED4823391D8C00EF7F7F /* Sources */,
				02CBED4923391D8C00EF7F7F /* Frameworks */,
				02CBED4A23391D8C00EF7F7F /* Resources */,
			);
			buildRules = (
			);
			dependencies = (
				02CBED4E23391D8C00EF7F7F /* PBXTargetDependency */,
			);
			name = HungerTests;
			productName = HungerTests;
			productReference = 02CBED4C23391D8C00EF7F7F /* HungerTests.xctest */;
			productType = "com.apple.product-type.bundle.unit-test";
		};
		02CBED5623391D8C00EF7F7F /* HungerUITests */ = {
			isa = PBXNativeTarget;
			buildConfigurationList = 02CBED6623391D8C00EF7F7F /* Build configuration list for PBXNativeTarget "HungerUITests" */;
			buildPhases = (
				02CBED5323391D8C00EF7F7F /* Sources */,
				02CBED5423391D8C00EF7F7F /* Frameworks */,
				02CBED5523391D8C00EF7F7F /* Resources */,
			);
			buildRules = (
			);
			dependencies = (
				02CBED5923391D8C00EF7F7F /* PBXTargetDependency */,
			);
			name = HungerUITests;
			productName = HungerUITests;
			productReference = 02CBED5723391D8C00EF7F7F /* HungerUITests.xctest */;
			productType = "com.apple.product-type.bundle.ui-testing";
		};
/* End PBXNativeTarget section */

/* Begin PBXProject section */
		02CBED2B23391D8800EF7F7F /* Project object */ = {
			isa = PBXProject;
			attributes = {
				LastSwiftUpdateCheck = 1100;
				LastUpgradeCheck = 1100;
				ORGANIZATIONNAME = "Roman Reimche";
				TargetAttributes = {
					02CBED3223391D8800EF7F7F = {
						CreatedOnToolsVersion = 11.0;
					};
					02CBED4B23391D8C00EF7F7F = {
						CreatedOnToolsVersion = 11.0;
						TestTargetID = 02CBED3223391D8800EF7F7F;
					};
					02CBED5623391D8C00EF7F7F = {
						CreatedOnToolsVersion = 11.0;
						TestTargetID = 02CBED3223391D8800EF7F7F;
					};
				};
			};
			buildConfigurationList = 02CBED2E23391D8800EF7F7F /* Build configuration list for PBXProject "Hunger" */;
			compatibilityVersion = "Xcode 9.3";
			developmentRegion = en;
			hasScannedForEncodings = 0;
			knownRegions = (
				en,
				Base,
			);
			mainGroup = 02CBED2A23391D8800EF7F7F;
			productRefGroup = 02CBED3423391D8800EF7F7F /* Products */;
			projectDirPath = "";
			projectRoot = "";
			targets = (
				02CBED3223391D8800EF7F7F /* Hunger */,
				02CBED4B23391D8C00EF7F7F /* HungerTests */,
				02CBED5623391D8C00EF7F7F /* HungerUITests */,
			);
		};
/* End PBXProject section */

/* Begin PBXResourcesBuildPhase section */
		02CBED3123391D8800EF7F7F /* Resources */ = {
			isa = PBXResourcesBuildPhase;
			buildActionMask = 2147483647;
			files = (
				02CBED4623391D8B00EF7F7F /* LaunchScreen.storyboard in Resources */,
				02CBED4323391D8B00EF7F7F /* Preview Assets.xcassets in Resources */,
				02CBED4023391D8B00EF7F7F /* Assets.xcassets in Resources */,
			);
			runOnlyForDeploymentPostprocessing = 0;
		};
		02CBED4A23391D8C00EF7F7F /* Resources */ = {
			isa = PBXResourcesBuildPhase;
			buildActionMask = 2147483647;
			files = (
			);
			runOnlyForDeploymentPostprocessing = 0;
		};
		02CBED5523391D8C00EF7F7F /* Resources */ = {
			isa = PBXResourcesBuildPhase;
			buildActionMask = 2147483647;
			files = (
			);
			runOnlyForDeploymentPostprocessing = 0;
		};
/* End PBXResourcesBuildPhase section */

/* Begin PBXSourcesBuildPhase section */
		02CBED2F23391D8800EF7F7F /* Sources */ = {
			isa = PBXSourcesBuildPhase;
			buildActionMask = 2147483647;
			files = (
				02CBED3C23391D8800EF7F7F /* Hunger.xcdatamodeld in Sources */,
				02CBED3723391D8800EF7F7F /* AppDelegate.swift in Sources */,
				02CBED3E23391D8800EF7F7F /* ContentView.swift in Sources */,
				02CBED3923391D8800EF7F7F /* SceneDelegate.swift in Sources */,
			);
			runOnlyForDeploymentPostprocessing = 0;
		};
		02CBED4823391D8C00EF7F7F /* Sources */ = {
			isa = PBXSourcesBuildPhase;
			buildActionMask = 2147483647;
			files = (
				02CBED5123391D8C00EF7F7F /* HungerTests.swift in Sources */,
			);
			runOnlyForDeploymentPostprocessing = 0;
		};
		02CBED5323391D8C00EF7F7F /* Sources */ = {
			isa = PBXSourcesBuildPhase;
			buildActionMask = 2147483647;
			files = (
				02CBED5C23391D8C00EF7F7F /* HungerUITests.swift in Sources */,
			);
			runOnlyForDeploymentPostprocessing = 0;
		};
/* End PBXSourcesBuildPhase section */

/* Begin PBXTargetDependency section */
		02CBED4E23391D8C00EF7F7F /* PBXTargetDependency */ = {
			isa = PBXTargetDependency;
			target = 02CBED3223391D8800EF7F7F /* Hunger */;
			targetProxy = 02CBED4D23391D8C00EF7F7F /* PBXContainerItemProxy */;
		};
		02CBED5923391D8C00EF7F7F /* PBXTargetDependency */ = {
			isa = PBXTargetDependency;
			target = 02CBED3223391D8800EF7F7F /* Hunger */;
			targetProxy = 02CBED5823391D8C00EF7F7F /* PBXContainerItemProxy */;
		};
/* End PBXTargetDependency section */

/* Begin PBXVariantGroup section */
		02CBED4423391D8B00EF7F7F /* LaunchScreen.storyboard */ = {
			isa = PBXVariantGroup;
			children = (
				02CBED4523391D8B00EF7F7F /* Base */,
			);
			name = LaunchScreen.storyboard;
			sourceTree = "<group>";
		};
/* End PBXVariantGroup section */

/* Begin XCBuildConfiguration section */
		02CBED5E23391D8C00EF7F7F /* Debug */ = {
			isa = XCBuildConfiguration;
			buildSettings = {
				ALWAYS_SEARCH_USER_PATHS = NO;
				CLANG_ANALYZER_NONNULL = YES;
				CLANG_ANALYZER_NUMBER_OBJECT_CONVERSION = YES_AGGRESSIVE;
				CLANG_CXX_LANGUAGE_STANDARD = "gnu++14";
				CLANG_CXX_LIBRARY = "libc++";
				CLANG_ENABLE_MODULES = YES;
				CLANG_ENABLE_OBJC_ARC = YES;
				CLANG_ENABLE_OBJC_WEAK = YES;
				CLANG_WARN_BLOCK_CAPTURE_AUTORELEASING = YES;
				CLANG_WARN_BOOL_CONVERSION = YES;
				CLANG_WARN_COMMA = YES;
				CLANG_WARN_CONSTANT_CONVERSION = YES;
				CLANG_WARN_DEPRECATED_OBJC_IMPLEMENTATIONS = YES;
				CLANG_WARN_DIRECT_OBJC_ISA_USAGE = YES_ERROR;
				CLANG_WARN_DOCUMENTATION_COMMENTS = YES;
				CLANG_WARN_EMPTY_BODY = YES;
				CLANG_WARN_ENUM_CONVERSION = YES;
				CLANG_WARN_INFINITE_RECURSION = YES;
				CLANG_WARN_INT_CONVERSION = YES;
				CLANG_WARN_NON_LITERAL_NULL_CONVERSION = YES;
				CLANG_WARN_OBJC_IMPLICIT_RETAIN_SELF = YES;
				CLANG_WARN_OBJC_LITERAL_CONVERSION = YES;
				CLANG_WARN_OBJC_ROOT_CLASS = YES_ERROR;
				CLANG_WARN_RANGE_LOOP_ANALYSIS = YES;
				CLANG_WARN_STRICT_PROTOTYPES = YES;
				CLANG_WARN_SUSPICIOUS_MOVE = YES;
				CLANG_WARN_UNGUARDED_AVAILABILITY = YES_AGGRESSIVE;
				CLANG_WARN_UNREACHABLE_CODE = YES;
				CLANG_WARN__DUPLICATE_METHOD_MATCH = YES;
				COPY_PHASE_STRIP = NO;
				DEBUG_INFORMATION_FORMAT = dwarf;
				ENABLE_STRICT_OBJC_MSGSEND = YES;
				ENABLE_TESTABILITY = YES;
				GCC_C_LANGUAGE_STANDARD = gnu11;
				GCC_DYNAMIC_NO_PIC = NO;
				GCC_NO_COMMON_BLOCKS = YES;
				GCC_OPTIMIZATION_LEVEL = 0;
				GCC_PREPROCESSOR_DEFINITIONS = (
					"DEBUG=1",
					"$(inherited)",
				);
				GCC_WARN_64_TO_32_BIT_CONVERSION = YES;
				GCC_WARN_ABOUT_RETURN_TYPE = YES_ERROR;
				GCC_WARN_UNDECLARED_SELECTOR = YES;
				GCC_WARN_UNINITIALIZED_AUTOS = YES_AGGRESSIVE;
				GCC_WARN_UNUSED_FUNCTION = YES;
				GCC_WARN_UNUSED_VARIABLE = YES;
				IPHONEOS_DEPLOYMENT_TARGET = 13.0;
				MTL_ENABLE_DEBUG_INFO = INCLUDE_SOURCE;
				MTL_FAST_MATH = YES;
				ONLY_ACTIVE_ARCH = YES;
				SDKROOT = iphoneos;
				SWIFT_ACTIVE_COMPILATION_CONDITIONS = DEBUG;
				SWIFT_OPTIMIZATION_LEVEL = "-Onone";
			};
			name = Debug;
		};
		02CBED5F23391D8C00EF7F7F /* Release */ = {
			isa = XCBuildConfiguration;
			buildSettings = {
				ALWAYS_SEARCH_USER_PATHS = NO;
				CLANG_ANALYZER_NONNULL = YES;
				CLANG_ANALYZER_NUMBER_OBJECT_CONVERSION = YES_AGGRESSIVE;
				CLANG_CXX_LANGUAGE_STANDARD = "gnu++14";
				CLANG_CXX_LIBRARY = "libc++";
				CLANG_ENABLE_MODULES = YES;
				CLANG_ENABLE_OBJC_ARC = YES;
				CLANG_ENABLE_OBJC_WEAK = YES;
				CLANG_WARN_BLOCK_CAPTURE_AUTORELEASING = YES;
				CLANG_WARN_BOOL_CONVERSION = YES;
				CLANG_WARN_COMMA = YES;
				CLANG_WARN_CONSTANT_CONVERSION = YES;
				CLANG_WARN_DEPRECATED_OBJC_IMPLEMENTATIONS = YES;
				CLANG_WARN_DIRECT_OBJC_ISA_USAGE = YES_ERROR;
				CLANG_WARN_DOCUMENTATION_COMMENTS = YES;
				CLANG_WARN_EMPTY_BODY = YES;
				CLANG_WARN_ENUM_CONVERSION = YES;
				CLANG_WARN_INFINITE_RECURSION = YES;
				CLANG_WARN_INT_CONVERSION = YES;
				CLANG_WARN_NON_LITERAL_NULL_CONVERSION = YES;
				CLANG_WARN_OBJC_IMPLICIT_RETAIN_SELF = YES;
				CLANG_WARN_OBJC_LITERAL_CONVERSION = YES;
				CLANG_WARN_OBJC_ROOT_CLASS = YES_ERROR;
				CLANG_WARN_RANGE_LOOP_ANALYSIS = YES;
				CLANG_WARN_STRICT_PROTOTYPES = YES;
				CLANG_WARN_SUSPICIOUS_MOVE = YES;
				CLANG_WARN_UNGUARDED_AVAILABILITY = YES_AGGRESSIVE;
				CLANG_WARN_UNREACHABLE_CODE = YES;
				CLANG_WARN__DUPLICATE_METHOD_MATCH = YES;
				COPY_PHASE_STRIP = NO;
				DEBUG_INFORMATION_FORMAT = "dwarf-with-dsym";
				ENABLE_NS_ASSERTIONS = NO;
				ENABLE_STRICT_OBJC_MSGSEND = YES;
				GCC_C_LANGUAGE_STANDARD = gnu11;
				GCC_NO_COMMON_BLOCKS = YES;
				GCC_WARN_64_TO_32_BIT_CONVERSION = YES;
				GCC_WARN_ABOUT_RETURN_TYPE = YES_ERROR;
				GCC_WARN_UNDECLARED_SELECTOR = YES;
				GCC_WARN_UNINITIALIZED_AUTOS = YES_AGGRESSIVE;
				GCC_WARN_UNUSED_FUNCTION = YES;
				GCC_WARN_UNUSED_VARIABLE = YES;
				IPHONEOS_DEPLOYMENT_TARGET = 13.0;
				MTL_ENABLE_DEBUG_INFO = NO;
				MTL_FAST_MATH = YES;
				SDKROOT = iphoneos;
				SWIFT_COMPILATION_MODE = wholemodule;
				SWIFT_OPTIMIZATION_LEVEL = "-O";
				VALIDATE_PRODUCT = YES;
			};
			name = Release;
		};
		02CBED6123391D8C00EF7F7F /* Debug */ = {
			isa = XCBuildConfiguration;
			buildSettings = {
				ASSETCATALOG_COMPILER_APPICON_NAME = AppIcon;
				CODE_SIGN_STYLE = Automatic;
				DEVELOPMENT_ASSET_PATHS = "\"Hunger/Preview Content\"";
				DEVELOPMENT_TEAM = WW8QYYSA6J;
				ENABLE_PREVIEWS = YES;
				INFOPLIST_FILE = Hunger/Info.plist;
				LD_RUNPATH_SEARCH_PATHS = (
					"$(inherited)",
					"@executable_path/Frameworks",
				);
				PRODUCT_BUNDLE_IDENTIFIER = RR.Hunger;
				PRODUCT_NAME = "$(TARGET_NAME)";
				SWIFT_VERSION = 5.0;
				TARGETED_DEVICE_FAMILY = "1,2";
			};
			name = Debug;
		};
		02CBED6223391D8C00EF7F7F /* Release */ = {
			isa = XCBuildConfiguration;
			buildSettings = {
				ASSETCATALOG_COMPILER_APPICON_NAME = AppIcon;
				CODE_SIGN_STYLE = Automatic;
				DEVELOPMENT_ASSET_PATHS = "\"Hunger/Preview Content\"";
				DEVELOPMENT_TEAM = WW8QYYSA6J;
				ENABLE_PREVIEWS = YES;
				INFOPLIST_FILE = Hunger/Info.plist;
				LD_RUNPATH_SEARCH_PATHS = (
					"$(inherited)",
					"@executable_path/Frameworks",
				);
				PRODUCT_BUNDLE_IDENTIFIER = RR.Hunger;
				PRODUCT_NAME = "$(TARGET_NAME)";
				SWIFT_VERSION = 5.0;
				TARGETED_DEVICE_FAMILY = "1,2";
			};
			name = Release;
		};
		02CBED6423391D8C00EF7F7F /* Debug */ = {
			isa = XCBuildConfiguration;
			buildSettings = {
				ALWAYS_EMBED_SWIFT_STANDARD_LIBRARIES = YES;
				BUNDLE_LOADER = "$(TEST_HOST)";
				CODE_SIGN_STYLE = Automatic;
				DEVELOPMENT_TEAM = WW8QYYSA6J;
				INFOPLIST_FILE = HungerTests/Info.plist;
				IPHONEOS_DEPLOYMENT_TARGET = 13.0;
				LD_RUNPATH_SEARCH_PATHS = (
					"$(inherited)",
					"@executable_path/Frameworks",
					"@loader_path/Frameworks",
				);
				PRODUCT_BUNDLE_IDENTIFIER = RR.HungerTests;
				PRODUCT_NAME = "$(TARGET_NAME)";
				SWIFT_VERSION = 5.0;
				TARGETED_DEVICE_FAMILY = "1,2";
				TEST_HOST = "$(BUILT_PRODUCTS_DIR)/Hunger.app/Hunger";
			};
			name = Debug;
		};
		02CBED6523391D8C00EF7F7F /* Release */ = {
			isa = XCBuildConfiguration;
			buildSettings = {
				ALWAYS_EMBED_SWIFT_STANDARD_LIBRARIES = YES;
				BUNDLE_LOADER = "$(TEST_HOST)";
				CODE_SIGN_STYLE = Automatic;
				DEVELOPMENT_TEAM = WW8QYYSA6J;
				INFOPLIST_FILE = HungerTests/Info.plist;
				IPHONEOS_DEPLOYMENT_TARGET = 13.0;
				LD_RUNPATH_SEARCH_PATHS = (
					"$(inherited)",
					"@executable_path/Frameworks",
					"@loader_path/Frameworks",
				);
				PRODUCT_BUNDLE_IDENTIFIER = RR.HungerTests;
				PRODUCT_NAME = "$(TARGET_NAME)";
				SWIFT_VERSION = 5.0;
				TARGETED_DEVICE_FAMILY = "1,2";
				TEST_HOST = "$(BUILT_PRODUCTS_DIR)/Hunger.app/Hunger";
			};
			name = Release;
		};
		02CBED6723391D8C00EF7F7F /* Debug */ = {
			isa = XCBuildConfiguration;
			buildSettings = {
				ALWAYS_EMBED_SWIFT_STANDARD_LIBRARIES = YES;
				CODE_SIGN_STYLE = Automatic;
				DEVELOPMENT_TEAM = WW8QYYSA6J;
				INFOPLIST_FILE = HungerUITests/Info.plist;
				LD_RUNPATH_SEARCH_PATHS = (
					"$(inherited)",
					"@executable_path/Frameworks",
					"@loader_path/Frameworks",
				);
				PRODUCT_BUNDLE_IDENTIFIER = RR.HungerUITests;
				PRODUCT_NAME = "$(TARGET_NAME)";
				SWIFT_VERSION = 5.0;
				TARGETED_DEVICE_FAMILY = "1,2";
				TEST_TARGET_NAME = Hunger;
			};
			name = Debug;
		};
		02CBED6823391D8C00EF7F7F /* Release */ = {
			isa = XCBuildConfiguration;
			buildSettings = {
				ALWAYS_EMBED_SWIFT_STANDARD_LIBRARIES = YES;
				CODE_SIGN_STYLE = Automatic;
				DEVELOPMENT_TEAM = WW8QYYSA6J;
				INFOPLIST_FILE = HungerUITests/Info.plist;
				LD_RUNPATH_SEARCH_PATHS = (
					"$(inherited)",
					"@executable_path/Frameworks",
					"@loader_path/Frameworks",
				);
				PRODUCT_BUNDLE_IDENTIFIER = RR.HungerUITests;
				PRODUCT_NAME = "$(TARGET_NAME)";
				SWIFT_VERSION = 5.0;
				TARGETED_DEVICE_FAMILY = "1,2";
				TEST_TARGET_NAME = Hunger;
			};
			name = Release;
		};
/* End XCBuildConfiguration section */

/* Begin XCConfigurationList section */
		02CBED2E23391D8800EF7F7F /* Build configuration list for PBXProject "Hunger" */ = {
			isa = XCConfigurationList;
			buildConfigurations = (
				02CBED5E23391D8C00EF7F7F /* Debug */,
				02CBED5F23391D8C00EF7F7F /* Release */,
			);
			defaultConfigurationIsVisible = 0;
			defaultConfigurationName = Release;
		};
		02CBED6023391D8C00EF7F7F /* Build configuration list for PBXNativeTarget "Hunger" */ = {
			isa = XCConfigurationList;
			buildConfigurations = (
				02CBED6123391D8C00EF7F7F /* Debug */,
				02CBED6223391D8C00EF7F7F /* Release */,
			);
			defaultConfigurationIsVisible = 0;
			defaultConfigurationName = Release;
		};
		02CBED6323391D8C00EF7F7F /* Build configuration list for PBXNativeTarget "HungerTests" */ = {
			isa = XCConfigurationList;
			buildConfigurations = (
				02CBED6423391D8C00EF7F7F /* Debug */,
				02CBED6523391D8C00EF7F7F /* Release */,
			);
			defaultConfigurationIsVisible = 0;
			defaultConfigurationName = Release;
		};
		02CBED6623391D8C00EF7F7F /* Build configuration list for PBXNativeTarget "HungerUITests" */ = {
			isa = XCConfigurationList;
			buildConfigurations = (
				02CBED6723391D8C00EF7F7F /* Debug */,
				02CBED6823391D8C00EF7F7F /* Release */,
			);
			defaultConfigurationIsVisible = 0;
			defaultConfigurationName = Release;
		};
/* End XCConfigurationList section */

/* Begin XCVersionGroup section */
		02CBED3A23391D8800EF7F7F /* Hunger.xcdatamodeld */ = {
			isa = XCVersionGroup;
			children = (
				02CBED3B23391D8800EF7F7F /* Hunger.xcdatamodel */,
			);
			currentVersion = 02CBED3B23391D8800EF7F7F /* Hunger.xcdatamodel */;
			path = Hunger.xcdatamodeld;
			sourceTree = "<group>";
			versionGroupType = wrapper.xcdatamodel;
		};
/* End XCVersionGroup section */
	};
	rootObject = 02CBED2B23391D8800EF7F7F /* Project object */;
}
